
Microsoft Visual Studio Solution File, Format Version 12.00
# Visual Studio 15
VisualStudioVersion = 15.0.28307.421
MinimumVisualStudioVersion = 10.0.40219.1
Project("{FAE04EC0-301F-11D3-BF4B-00C04F79EFBC}") = "SlackDumper", "SlackDumper\SlackDumper.csproj", "{660A0D3C-7D99-49AB-A715-222E3EB2ED64}"
EndProject
Global
	GlobalSection(SolutionConfigurationPlatforms) = preSolution
		Debug|Any CPU = Debug|Any CPU
		Release|Any CPU = Release|Any CPU
	EndGlobalSection
	GlobalSection(ProjectConfigurationPlatforms) = postSolution
		{660A0D3C-7D99-49AB-A715-222E3EB2ED64}.Debug|Any CPU.ActiveCfg = Debug|Any CPU
		{660A0D3C-7D99-49AB-A715-222E3EB2ED64}.Debug|Any CPU.Build.0 = Debug|Any CPU
		{660A0D3C-7D99-49AB-A715-222E3EB2ED64}.Release|Any CPU.ActiveCfg = Release|Any CPU
		{660A0D3C-7D99-49AB-A715-222E3EB2ED64}.Release|Any CPU.Build.0 = Release|Any CPU
	EndGlobalSection
	GlobalSection(SolutionProperties) = preSolution
		HideSolutionNode = FALSE
	EndGlobalSection
	GlobalSection(ExtensibilityGlobals) = postSolution
		SolutionGuid = {3F95D16C-0E88-4DCF-A82F-6590EF7389C1}
	EndGlobalSection
EndGlobal
